
Microsoft Visual Studio Solution File, Format Version 12.00
# Visual Studio 15
VisualStudioVersion = 15.0.26124.0
MinimumVisualStudioVersion = 15.0.26124.0
Project("{FAE04EC0-301F-11D3-BF4B-00C04F79EFBC}") = "Generics", "Generics\Generics.csproj", "{B1F69402-1DBD-45A5-8003-365A44B4B59D}"
EndProject
Project("{FAE04EC0-301F-11D3-BF4B-00C04F79EFBC}") = "ExtensionMethods", "ExtensionMethods\ExtensionMethods.csproj", "{0F39BB43-14D3-4D0D-A9A8-2FD2D901DC56}"
EndProject
Global
	GlobalSection(SolutionConfigurationPlatforms) = preSolution
		Debug|Any CPU = Debug|Any CPU
		Debug|x64 = Debug|x64
		Debug|x86 = Debug|x86
		Release|Any CPU = Release|Any CPU
		Release|x64 = Release|x64
		Release|x86 = Release|x86
	EndGlobalSection
	GlobalSection(SolutionProperties) = preSolution
		HideSolutionNode = FALSE
	EndGlobalSection
	GlobalSection(ProjectConfigurationPlatforms) = postSolution
		{B1F69402-1DBD-45A5-8003-365A44B4B59D}.Debug|Any CPU.ActiveCfg = Debug|Any CPU
		{B1F69402-1DBD-45A5-8003-365A44B4B59D}.Debug|Any CPU.Build.0 = Debug|Any CPU
		{B1F69402-1DBD-45A5-8003-365A44B4B59D}.Debug|x64.ActiveCfg = Debug|x64
		{B1F69402-1DBD-45A5-8003-365A44B4B59D}.Debug|x64.Build.0 = Debug|x64
		{B1F69402-1DBD-45A5-8003-365A44B4B59D}.Debug|x86.ActiveCfg = Debug|x86
		{B1F69402-1DBD-45A5-8003-365A44B4B59D}.Debug|x86.Build.0 = Debug|x86
		{B1F69402-1DBD-45A5-8003-365A44B4B59D}.Release|Any CPU.ActiveCfg = Release|Any CPU
		{B1F69402-1DBD-45A5-8003-365A44B4B59D}.Release|Any CPU.Build.0 = Release|Any CPU
		{B1F69402-1DBD-45A5-8003-365A44B4B59D}.Release|x64.ActiveCfg = Release|x64
		{B1F69402-1DBD-45A5-8003-365A44B4B59D}.Release|x64.Build.0 = Release|x64
		{B1F69402-1DBD-45A5-8003-365A44B4B59D}.Release|x86.ActiveCfg = Release|x86
		{B1F69402-1DBD-45A5-8003-365A44B4B59D}.Release|x86.Build.0 = Release|x86
		{0F39BB43-14D3-4D0D-A9A8-2FD2D901DC56}.Debug|Any CPU.ActiveCfg = Debug|Any CPU
		{0F39BB43-14D3-4D0D-A9A8-2FD2D901DC56}.Debug|Any CPU.Build.0 = Debug|Any CPU
		{0F39BB43-14D3-4D0D-A9A8-2FD2D901DC56}.Debug|x64.ActiveCfg = Debug|x64
		{0F39BB43-14D3-4D0D-A9A8-2FD2D901DC56}.Debug|x64.Build.0 = Debug|x64
		{0F39BB43-14D3-4D0D-A9A8-2FD2D901DC56}.Debug|x86.ActiveCfg = Debug|x86
		{0F39BB43-14D3-4D0D-A9A8-2FD2D901DC56}.Debug|x86.Build.0 = Debug|x86
		{0F39BB43-14D3-4D0D-A9A8-2FD2D901DC56}.Release|Any CPU.ActiveCfg = Release|Any CPU
		{0F39BB43-14D3-4D0D-A9A8-2FD2D901DC56}.Release|Any CPU.Build.0 = Release|Any CPU
		{0F39BB43-14D3-4D0D-A9A8-2FD2D901DC56}.Release|x64.ActiveCfg = Release|x64
		{0F39BB43-14D3-4D0D-A9A8-2FD2D901DC56}.Release|x64.Build.0 = Release|x64
		{0F39BB43-14D3-4D0D-A9A8-2FD2D901DC56}.Release|x86.ActiveCfg = Release|x86
		{0F39BB43-14D3-4D0D-A9A8-2FD2D901DC56}.Release|x86.Build.0 = Release|x86
	EndGlobalSection
EndGlobal
